
Microsoft Visual Studio Solution File, Format Version 12.00
# Visual Studio 2013
VisualStudioVersion = 12.0.21005.1
MinimumVisualStudioVersion = 10.0.40219.1
Project("{FAE04EC0-301F-11D3-BF4B-00C04F79EFBC}") = "Collector", "Collector\Collector.csproj", "{91CE671F-7AC4-438E-BF97-485AF1CC0680}"
EndProject
Project("{FAE04EC0-301F-11D3-BF4B-00C04F79EFBC}") = "Collector_IntegrationTests", "Collector\Collector_IntegrationTests\Collector_IntegrationTests.csproj", "{7DEF5C10-8EE4-4837-BF47-2C172704F9FB}"
EndProject
Project("{2150E333-8FDC-42A3-9474-1A3956D46DE8}") = "Solution Items", "Solution Items", "{E8059E3A-B914-4459-ABAD-0D8E90BD9335}"
	ProjectSection(SolutionItems) = preProject
		IntegrationTests.testsettings = IntegrationTests.testsettings
		UnitTests.testsettings = UnitTests.testsettings
	EndProjectSection
EndProject
Project("{FAE04EC0-301F-11D3-BF4B-00C04F79EFBC}") = "Collector_UnitTests", "Collector\Collector_UnitTests\Collector_UnitTests.csproj", "{5315CA5D-0FD0-4B34-9231-D476D1CFEFED}"
EndProject
Project("{FAE04EC0-301F-11D3-BF4B-00C04F79EFBC}") = "Monitor", "Monitor\Monitor.csproj", "{5FB79105-4F8F-4EFA-B41E-C253EC746D8F}"
EndProject
Global
	GlobalSection(SolutionConfigurationPlatforms) = preSolution
		Debug|Any CPU = Debug|Any CPU
		Release|Any CPU = Release|Any CPU
	EndGlobalSection
	GlobalSection(ProjectConfigurationPlatforms) = postSolution
		{91CE671F-7AC4-438E-BF97-485AF1CC0680}.Debug|Any CPU.ActiveCfg = Debug|Any CPU
		{91CE671F-7AC4-438E-BF97-485AF1CC0680}.Debug|Any CPU.Build.0 = Debug|Any CPU
		{91CE671F-7AC4-438E-BF97-485AF1CC0680}.Release|Any CPU.ActiveCfg = Release|Any CPU
		{91CE671F-7AC4-438E-BF97-485AF1CC0680}.Release|Any CPU.Build.0 = Release|Any CPU
		{7DEF5C10-8EE4-4837-BF47-2C172704F9FB}.Debug|Any CPU.ActiveCfg = Debug|Any CPU
		{7DEF5C10-8EE4-4837-BF47-2C172704F9FB}.Debug|Any CPU.Build.0 = Debug|Any CPU
		{7DEF5C10-8EE4-4837-BF47-2C172704F9FB}.Release|Any CPU.ActiveCfg = Release|Any CPU
		{7DEF5C10-8EE4-4837-BF47-2C172704F9FB}.Release|Any CPU.Build.0 = Release|Any CPU
		{5315CA5D-0FD0-4B34-9231-D476D1CFEFED}.Debug|Any CPU.ActiveCfg = Debug|Any CPU
		{5315CA5D-0FD0-4B34-9231-D476D1CFEFED}.Debug|Any CPU.Build.0 = Debug|Any CPU
		{5315CA5D-0FD0-4B34-9231-D476D1CFEFED}.Release|Any CPU.ActiveCfg = Release|Any CPU
		{5315CA5D-0FD0-4B34-9231-D476D1CFEFED}.Release|Any CPU.Build.0 = Release|Any CPU
		{5FB79105-4F8F-4EFA-B41E-C253EC746D8F}.Debug|Any CPU.ActiveCfg = Debug|Any CPU
		{5FB79105-4F8F-4EFA-B41E-C253EC746D8F}.Debug|Any CPU.Build.0 = Debug|Any CPU
		{5FB79105-4F8F-4EFA-B41E-C253EC746D8F}.Release|Any CPU.ActiveCfg = Release|Any CPU
		{5FB79105-4F8F-4EFA-B41E-C253EC746D8F}.Release|Any CPU.Build.0 = Release|Any CPU
	EndGlobalSection
	GlobalSection(SolutionProperties) = preSolution
		HideSolutionNode = FALSE
	EndGlobalSection
EndGlobal
